
Microsoft Visual Studio Solution File, Format Version 12.00
# Visual Studio Version 16
VisualStudioVersion = 16.0.31613.86
MinimumVisualStudioVersion = 10.0.40219.1
Project("{FAE04EC0-301F-11D3-BF4B-00C04F79EFBC}") = "CodeFirstExercises", "CodeFirstExercises\CodeFirstExercises.csproj", "{9DAE91C3-37AA-4E8C-891B-4DDCD738AF2A}"
EndProject
Global
	GlobalSection(SolutionConfigurationPlatforms) = preSolution
		Debug|Any CPU = Debug|Any CPU
		Release|Any CPU = Release|Any CPU
	EndGlobalSection
	GlobalSection(ProjectConfigurationPlatforms) = postSolution
		{9DAE91C3-37AA-4E8C-891B-4DDCD738AF2A}.Debug|Any CPU.ActiveCfg = Debug|Any CPU
		{9DAE91C3-37AA-4E8C-891B-4DDCD738AF2A}.Debug|Any CPU.Build.0 = Debug|Any CPU
		{9DAE91C3-37AA-4E8C-891B-4DDCD738AF2A}.Release|Any CPU.ActiveCfg = Release|Any CPU
		{9DAE91C3-37AA-4E8C-891B-4DDCD738AF2A}.Release|Any CPU.Build.0 = Release|Any CPU
	EndGlobalSection
	GlobalSection(SolutionProperties) = preSolution
		HideSolutionNode = FALSE
	EndGlobalSection
	GlobalSection(ExtensibilityGlobals) = postSolution
		SolutionGuid = {27B30C3B-684D-44E2-8057-FD86B869D152}
	EndGlobalSection
EndGlobal
